{
  "name": "twitter-scraper",
  "version": "1.0.0",
  "lockfileVersion": 3,
  "requires": true,
  "packages": {
    "": {
      "name": "twitter-scraper",
      "version": "1.0.0",
      "license": "ISC",
      "dependencies": {
        "playwright-chromium": "^1.51.1"
      }
    },
    "node_modules/playwright-chromium": {
      "version": "1.51.1",
      "resolved": "https://registry.npmjs.org/playwright-chromium/-/playwright-chromium-1.51.1.tgz",
      "integrity": "sha512-IQpN8lgv/fx++WRxT8ITZylDwYAamd3Fv5H9g2AWsicp0N829L1oXHziK/6l9h/TMxioSTqc4ifPiZLS8nITxw==",
      "hasInstallScript": true,
      "license": "Apache-2.0",
      "dependencies": {
        "playwright-core": "1.51.1"
      },
      "bin": {
        "playwright": "cli.js"
      },
      "engines": {
        "node": ">=18"
      }
    },
    "node_modules/playwright-core": {
      "version": "1.51.1",
      "resolved": "https://registry.npmjs.org/playwright-core/-/playwright-core-1.51.1.tgz",
      "integrity": "sha512-/crRMj8+j/Nq5s8QcvegseuyeZPxpQCZb6HNk3Sos3BlZyAknRjoyJPFWkpNn8v0+P3WiwqFF8P+zQo4eqiNuw==",
      "license": "Apache-2.0",
      "bin": {
        "playwright-core": "cli.js"
      },
      "engines": {
        "node": ">=18"
      }
    }
  }
}
