{
  "name": "twitter-scraper",
  "version": "1.0.0",
  "lockfileVersion": 3,
  "requires": true,
  "packages": {
    "": {
      "name": "twitter-scraper",
      "version": "1.0.0",
      "license": "ISC",
      "dependencies": {
        "playwright-chromium": "^1.49.1"
      }
    },
    "node_modules/playwright-chromium": {
      "version": "1.49.1",
      "resolved": "https://registry.npmjs.org/playwright-chromium/-/playwright-chromium-1.49.1.tgz",
      "integrity": "sha512-XAQDkZ1Eem1OONhfS8B2LM2mgHG/i5jIxooxjvqjbF/9GnLnRTJHdQamNjo1e4FZvt7J0BFD/15+qAcT0eKlfA==",
      "hasInstallScript": true,
      "license": "Apache-2.0",
      "dependencies": {
        "playwright-core": "1.49.1"
      },
      "bin": {
        "playwright": "cli.js"
      },
      "engines": {
        "node": ">=18"
      }
    },
    "node_modules/playwright-core": {
      "version": "1.49.1",
      "resolved": "https://registry.npmjs.org/playwright-core/-/playwright-core-1.49.1.tgz",
      "integrity": "sha512-BzmpVcs4kE2CH15rWfzpjzVGhWERJfmnXmniSyKeRZUs9Ws65m+RGIi7mjJK/euCegfn3i7jvqWeWyHe9y3Vgg==",
      "license": "Apache-2.0",
      "bin": {
        "playwright-core": "cli.js"
      },
      "engines": {
        "node": ">=18"
      }
    }
  }
}
