{
  "name": "twitter-scraper",
  "version": "1.0.0",
  "lockfileVersion": 3,
  "requires": true,
  "packages": {
    "": {
      "name": "twitter-scraper",
      "version": "1.0.0",
      "license": "ISC",
      "dependencies": {
        "playwright-chromium": "^1.46.1"
      }
    },
    "node_modules/playwright-chromium": {
      "version": "1.46.1",
      "resolved": "https://registry.npmjs.org/playwright-chromium/-/playwright-chromium-1.46.1.tgz",
      "integrity": "sha512-WuNzXHHWaIqnq66Zkg1gu6LGkJ13HsSBkHBXiHKDfPfzAv8stIyNBHJiDqFLFaM5wSl+LSbPbLMlhCicaBg4oA==",
      "hasInstallScript": true,
      "license": "Apache-2.0",
      "dependencies": {
        "playwright-core": "1.46.1"
      },
      "bin": {
        "playwright": "cli.js"
      },
      "engines": {
        "node": ">=18"
      }
    },
    "node_modules/playwright-core": {
      "version": "1.46.1",
      "resolved": "https://registry.npmjs.org/playwright-core/-/playwright-core-1.46.1.tgz",
      "integrity": "sha512-h9LqIQaAv+CYvWzsZ+h3RsrqCStkBHlgo6/TJlFst3cOTlLghBQlJwPOZKQJTKNaD3QIB7aAVQ+gfWbN3NXB7A==",
      "license": "Apache-2.0",
      "bin": {
        "playwright-core": "cli.js"
      },
      "engines": {
        "node": ">=18"
      }
    }
  }
}
